
Microsoft Visual Studio Solution File, Format Version 12.00
# Visual Studio Version 17
VisualStudioVersion = 17.14.36414.22 d17.14
MinimumVisualStudioVersion = 10.0.40219.1
Project("{FAE04EC0-301F-11D3-BF4B-00C04F79EFBC}") = "Assignment 2 Part 2", "Assignment 2 Part 2\Assignment 2 Part 2.csproj", "{870135D1-FC20-4B6F-8B84-2454ED4CE5DB}"
EndProject
Global
	GlobalSection(SolutionConfigurationPlatforms) = preSolution
		Debug|Any CPU = Debug|Any CPU
		Release|Any CPU = Release|Any CPU
	EndGlobalSection
	GlobalSection(ProjectConfigurationPlatforms) = postSolution
		{870135D1-FC20-4B6F-8B84-2454ED4CE5DB}.Debug|Any CPU.ActiveCfg = Debug|Any CPU
		{870135D1-FC20-4B6F-8B84-2454ED4CE5DB}.Debug|Any CPU.Build.0 = Debug|Any CPU
		{870135D1-FC20-4B6F-8B84-2454ED4CE5DB}.Release|Any CPU.ActiveCfg = Release|Any CPU
		{870135D1-FC20-4B6F-8B84-2454ED4CE5DB}.Release|Any CPU.Build.0 = Release|Any CPU
	EndGlobalSection
	GlobalSection(SolutionProperties) = preSolution
		HideSolutionNode = FALSE
	EndGlobalSection
	GlobalSection(ExtensibilityGlobals) = postSolution
		SolutionGuid = {C1226038-FEBF-432C-AA4A-CA8DD71645E3}
	EndGlobalSection
EndGlobal
